
Microsoft Visual Studio Solution File, Format Version 12.00
# Visual Studio Version 17
VisualStudioVersion = 17.1.32210.238
MinimumVisualStudioVersion = 10.0.40219.1
Project("{FAE04EC0-301F-11D3-BF4B-00C04F79EFBC}") = "App2.Android", "App2\App2.Android\App2.Android.csproj", "{BF59692E-A819-40F2-AE10-5885F42E9A9D}"
EndProject
Project("{FAE04EC0-301F-11D3-BF4B-00C04F79EFBC}") = "App2.iOS", "App2\App2.iOS\App2.iOS.csproj", "{F866BDC6-1C29-4EA1-B346-68A94F1E5243}"
EndProject
Project("{FAE04EC0-301F-11D3-BF4B-00C04F79EFBC}") = "App2", "App2\App2\App2.csproj", "{B39076A6-8C44-4205-94E9-003D7E1F5452}"
EndProject
Global
	GlobalSection(SolutionConfigurationPlatforms) = preSolution
		Debug|Any CPU = Debug|Any CPU
		Debug|iPhone = Debug|iPhone
		Debug|iPhoneSimulator = Debug|iPhoneSimulator
		Release|Any CPU = Release|Any CPU
		Release|iPhone = Release|iPhone
		Release|iPhoneSimulator = Release|iPhoneSimulator
	EndGlobalSection
	GlobalSection(ProjectConfigurationPlatforms) = postSolution
		{BF59692E-A819-40F2-AE10-5885F42E9A9D}.Debug|Any CPU.ActiveCfg = Debug|Any CPU
		{BF59692E-A819-40F2-AE10-5885F42E9A9D}.Debug|Any CPU.Build.0 = Debug|Any CPU
		{BF59692E-A819-40F2-AE10-5885F42E9A9D}.Debug|Any CPU.Deploy.0 = Debug|Any CPU
		{BF59692E-A819-40F2-AE10-5885F42E9A9D}.Debug|iPhone.ActiveCfg = Debug|Any CPU
		{BF59692E-A819-40F2-AE10-5885F42E9A9D}.Debug|iPhone.Build.0 = Debug|Any CPU
		{BF59692E-A819-40F2-AE10-5885F42E9A9D}.Debug|iPhone.Deploy.0 = Debug|Any CPU
		{BF59692E-A819-40F2-AE10-5885F42E9A9D}.Debug|iPhoneSimulator.ActiveCfg = Debug|Any CPU
		{BF59692E-A819-40F2-AE10-5885F42E9A9D}.Debug|iPhoneSimulator.Build.0 = Debug|Any CPU
		{BF59692E-A819-40F2-AE10-5885F42E9A9D}.Debug|iPhoneSimulator.Deploy.0 = Debug|Any CPU
		{BF59692E-A819-40F2-AE10-5885F42E9A9D}.Release|Any CPU.ActiveCfg = Release|Any CPU
		{BF59692E-A819-40F2-AE10-5885F42E9A9D}.Release|Any CPU.Build.0 = Release|Any CPU
		{BF59692E-A819-40F2-AE10-5885F42E9A9D}.Release|Any CPU.Deploy.0 = Release|Any CPU
		{BF59692E-A819-40F2-AE10-5885F42E9A9D}.Release|iPhone.ActiveCfg = Release|Any CPU
		{BF59692E-A819-40F2-AE10-5885F42E9A9D}.Release|iPhone.Build.0 = Release|Any CPU
		{BF59692E-A819-40F2-AE10-5885F42E9A9D}.Release|iPhone.Deploy.0 = Release|Any CPU
		{BF59692E-A819-40F2-AE10-5885F42E9A9D}.Release|iPhoneSimulator.ActiveCfg = Release|Any CPU
		{BF59692E-A819-40F2-AE10-5885F42E9A9D}.Release|iPhoneSimulator.Build.0 = Release|Any CPU
		{BF59692E-A819-40F2-AE10-5885F42E9A9D}.Release|iPhoneSimulator.Deploy.0 = Release|Any CPU
		{F866BDC6-1C29-4EA1-B346-68A94F1E5243}.Debug|Any CPU.ActiveCfg = Debug|iPhone
		{F866BDC6-1C29-4EA1-B346-68A94F1E5243}.Debug|Any CPU.Build.0 = Debug|iPhone
		{F866BDC6-1C29-4EA1-B346-68A94F1E5243}.Debug|Any CPU.Deploy.0 = Debug|iPhone
		{F866BDC6-1C29-4EA1-B346-68A94F1E5243}.Debug|iPhone.ActiveCfg = Debug|iPhone
		{F866BDC6-1C29-4EA1-B346-68A94F1E5243}.Debug|iPhone.Build.0 = Debug|iPhone
		{F866BDC6-1C29-4EA1-B346-68A94F1E5243}.Debug|iPhone.Deploy.0 = Debug|iPhone
		{F866BDC6-1C29-4EA1-B346-68A94F1E5243}.Debug|iPhoneSimulator.ActiveCfg = Debug|iPhoneSimulator
		{F866BDC6-1C29-4EA1-B346-68A94F1E5243}.Debug|iPhoneSimulator.Build.0 = Debug|iPhoneSimulator
		{F866BDC6-1C29-4EA1-B346-68A94F1E5243}.Debug|iPhoneSimulator.Deploy.0 = Debug|iPhoneSimulator
		{F866BDC6-1C29-4EA1-B346-68A94F1E5243}.Release|Any CPU.ActiveCfg = Release|iPhoneSimulator
		{F866BDC6-1C29-4EA1-B346-68A94F1E5243}.Release|Any CPU.Build.0 = Release|iPhoneSimulator
		{F866BDC6-1C29-4EA1-B346-68A94F1E5243}.Release|Any CPU.Deploy.0 = Release|iPhoneSimulator
		{F866BDC6-1C29-4EA1-B346-68A94F1E5243}.Release|iPhone.ActiveCfg = Release|iPhone
		{F866BDC6-1C29-4EA1-B346-68A94F1E5243}.Release|iPhone.Build.0 = Release|iPhone
		{F866BDC6-1C29-4EA1-B346-68A94F1E5243}.Release|iPhone.Deploy.0 = Release|iPhone
		{F866BDC6-1C29-4EA1-B346-68A94F1E5243}.Release|iPhoneSimulator.ActiveCfg = Release|iPhoneSimulator
		{F866BDC6-1C29-4EA1-B346-68A94F1E5243}.Release|iPhoneSimulator.Build.0 = Release|iPhoneSimulator
		{F866BDC6-1C29-4EA1-B346-68A94F1E5243}.Release|iPhoneSimulator.Deploy.0 = Release|iPhoneSimulator
		{B39076A6-8C44-4205-94E9-003D7E1F5452}.Debug|Any CPU.ActiveCfg = Debug|Any CPU
		{B39076A6-8C44-4205-94E9-003D7E1F5452}.Debug|Any CPU.Build.0 = Debug|Any CPU
		{B39076A6-8C44-4205-94E9-003D7E1F5452}.Debug|Any CPU.Deploy.0 = Debug|Any CPU
		{B39076A6-8C44-4205-94E9-003D7E1F5452}.Debug|iPhone.ActiveCfg = Debug|Any CPU
		{B39076A6-8C44-4205-94E9-003D7E1F5452}.Debug|iPhone.Build.0 = Debug|Any CPU
		{B39076A6-8C44-4205-94E9-003D7E1F5452}.Debug|iPhone.Deploy.0 = Debug|Any CPU
		{B39076A6-8C44-4205-94E9-003D7E1F5452}.Debug|iPhoneSimulator.ActiveCfg = Debug|Any CPU
		{B39076A6-8C44-4205-94E9-003D7E1F5452}.Debug|iPhoneSimulator.Build.0 = Debug|Any CPU
		{B39076A6-8C44-4205-94E9-003D7E1F5452}.Debug|iPhoneSimulator.Deploy.0 = Debug|Any CPU
		{B39076A6-8C44-4205-94E9-003D7E1F5452}.Release|Any CPU.ActiveCfg = Release|Any CPU
		{B39076A6-8C44-4205-94E9-003D7E1F5452}.Release|Any CPU.Build.0 = Release|Any CPU
		{B39076A6-8C44-4205-94E9-003D7E1F5452}.Release|Any CPU.Deploy.0 = Release|Any CPU
		{B39076A6-8C44-4205-94E9-003D7E1F5452}.Release|iPhone.ActiveCfg = Release|Any CPU
		{B39076A6-8C44-4205-94E9-003D7E1F5452}.Release|iPhone.Build.0 = Release|Any CPU
		{B39076A6-8C44-4205-94E9-003D7E1F5452}.Release|iPhone.Deploy.0 = Release|Any CPU
		{B39076A6-8C44-4205-94E9-003D7E1F5452}.Release|iPhoneSimulator.ActiveCfg = Release|Any CPU
		{B39076A6-8C44-4205-94E9-003D7E1F5452}.Release|iPhoneSimulator.Build.0 = Release|Any CPU
		{B39076A6-8C44-4205-94E9-003D7E1F5452}.Release|iPhoneSimulator.Deploy.0 = Release|Any CPU
	EndGlobalSection
	GlobalSection(SolutionProperties) = preSolution
		HideSolutionNode = FALSE
	EndGlobalSection
	GlobalSection(ExtensibilityGlobals) = postSolution
		SolutionGuid = {40E5412D-2689-4DA1-B4F0-6438BEB71CDC}
	EndGlobalSection
EndGlobal
